
Microsoft Visual Studio Solution File, Format Version 12.00
# Visual Studio Version 16
VisualStudioVersion = 16.0.31019.35
MinimumVisualStudioVersion = 10.0.40219.1
Project("{9A19103F-16F7-4668-BE54-9A1E7A4F7556}") = "SudoguruMainBackend", "SudoguruMainBackend\SudoguruMainBackend.csproj", "{EC79D2BA-8105-44FE-B2C7-82B8472BE202}"
EndProject
Project("{2150E333-8FDC-42A3-9474-1A3956D46DE8}") = "SudokuCheckFolder", "SudokuCheckFolder", "{4C161FF7-E00D-4B10-A2D4-7F9BCF6B5769}"
EndProject
Project("{9A19103F-16F7-4668-BE54-9A1E7A4F7556}") = "SudokuControlAlgorithme", "SudokuControlAlgorithme\SudokuControlAlgorithme.csproj", "{54BF7A19-BA65-4276-9B28-07A1DDE8C27D}"
EndProject
Project("{2150E333-8FDC-42A3-9474-1A3956D46DE8}") = "Sudoku", "Sudoku", "{CD3A3645-B096-48FF-90B0-C038621ABC05}"
EndProject
Project("{9A19103F-16F7-4668-BE54-9A1E7A4F7556}") = "SudokuBoard", "SudokuBoard\SudokuBoard.csproj", "{63870B4D-9607-481C-A093-243171C2BAFB}"
EndProject
Project("{9A19103F-16F7-4668-BE54-9A1E7A4F7556}") = "AlgorithmCheckBoardTest", "AlgorithmCheckBoardTest\AlgorithmCheckBoardTest.csproj", "{3C110C9A-57A3-4562-8190-46836658C285}"
EndProject
Project("{FAE04EC0-301F-11D3-BF4B-00C04F79EFBC}") = "ISudokuCheckAlgoritme", "ISudokuCheckAlgoritme\ISudokuCheckAlgoritme.csproj", "{F4926C11-6C04-45CF-A4D9-2101F2636D0F}"
EndProject
Project("{FAE04EC0-301F-11D3-BF4B-00C04F79EFBC}") = "FactoryAlgorithm", "FactoryAlgorithm\FactoryAlgorithm.csproj", "{6470E2F7-32FE-473F-86B6-225E756D71FB}"
EndProject
Global
	GlobalSection(SolutionConfigurationPlatforms) = preSolution
		Debug|Any CPU = Debug|Any CPU
		Release|Any CPU = Release|Any CPU
	EndGlobalSection
	GlobalSection(ProjectConfigurationPlatforms) = postSolution
		{EC79D2BA-8105-44FE-B2C7-82B8472BE202}.Debug|Any CPU.ActiveCfg = Debug|Any CPU
		{EC79D2BA-8105-44FE-B2C7-82B8472BE202}.Debug|Any CPU.Build.0 = Debug|Any CPU
		{EC79D2BA-8105-44FE-B2C7-82B8472BE202}.Release|Any CPU.ActiveCfg = Release|Any CPU
		{EC79D2BA-8105-44FE-B2C7-82B8472BE202}.Release|Any CPU.Build.0 = Release|Any CPU
		{54BF7A19-BA65-4276-9B28-07A1DDE8C27D}.Debug|Any CPU.ActiveCfg = Debug|Any CPU
		{54BF7A19-BA65-4276-9B28-07A1DDE8C27D}.Debug|Any CPU.Build.0 = Debug|Any CPU
		{54BF7A19-BA65-4276-9B28-07A1DDE8C27D}.Release|Any CPU.ActiveCfg = Release|Any CPU
		{54BF7A19-BA65-4276-9B28-07A1DDE8C27D}.Release|Any CPU.Build.0 = Release|Any CPU
		{63870B4D-9607-481C-A093-243171C2BAFB}.Debug|Any CPU.ActiveCfg = Debug|Any CPU
		{63870B4D-9607-481C-A093-243171C2BAFB}.Debug|Any CPU.Build.0 = Debug|Any CPU
		{63870B4D-9607-481C-A093-243171C2BAFB}.Release|Any CPU.ActiveCfg = Release|Any CPU
		{63870B4D-9607-481C-A093-243171C2BAFB}.Release|Any CPU.Build.0 = Release|Any CPU
		{3C110C9A-57A3-4562-8190-46836658C285}.Debug|Any CPU.ActiveCfg = Debug|Any CPU
		{3C110C9A-57A3-4562-8190-46836658C285}.Debug|Any CPU.Build.0 = Debug|Any CPU
		{3C110C9A-57A3-4562-8190-46836658C285}.Release|Any CPU.ActiveCfg = Release|Any CPU
		{3C110C9A-57A3-4562-8190-46836658C285}.Release|Any CPU.Build.0 = Release|Any CPU
		{F4926C11-6C04-45CF-A4D9-2101F2636D0F}.Debug|Any CPU.ActiveCfg = Debug|Any CPU
		{F4926C11-6C04-45CF-A4D9-2101F2636D0F}.Debug|Any CPU.Build.0 = Debug|Any CPU
		{F4926C11-6C04-45CF-A4D9-2101F2636D0F}.Release|Any CPU.ActiveCfg = Release|Any CPU
		{F4926C11-6C04-45CF-A4D9-2101F2636D0F}.Release|Any CPU.Build.0 = Release|Any CPU
		{6470E2F7-32FE-473F-86B6-225E756D71FB}.Debug|Any CPU.ActiveCfg = Debug|Any CPU
		{6470E2F7-32FE-473F-86B6-225E756D71FB}.Debug|Any CPU.Build.0 = Debug|Any CPU
		{6470E2F7-32FE-473F-86B6-225E756D71FB}.Release|Any CPU.ActiveCfg = Release|Any CPU
		{6470E2F7-32FE-473F-86B6-225E756D71FB}.Release|Any CPU.Build.0 = Release|Any CPU
	EndGlobalSection
	GlobalSection(SolutionProperties) = preSolution
		HideSolutionNode = FALSE
	EndGlobalSection
	GlobalSection(NestedProjects) = preSolution
		{54BF7A19-BA65-4276-9B28-07A1DDE8C27D} = {4C161FF7-E00D-4B10-A2D4-7F9BCF6B5769}
		{63870B4D-9607-481C-A093-243171C2BAFB} = {CD3A3645-B096-48FF-90B0-C038621ABC05}
		{3C110C9A-57A3-4562-8190-46836658C285} = {4C161FF7-E00D-4B10-A2D4-7F9BCF6B5769}
		{F4926C11-6C04-45CF-A4D9-2101F2636D0F} = {4C161FF7-E00D-4B10-A2D4-7F9BCF6B5769}
		{6470E2F7-32FE-473F-86B6-225E756D71FB} = {4C161FF7-E00D-4B10-A2D4-7F9BCF6B5769}
	EndGlobalSection
	GlobalSection(ExtensibilityGlobals) = postSolution
		SolutionGuid = {5856183A-4516-427D-AA0C-708C59CE3B15}
	EndGlobalSection
EndGlobal
